
Microsoft Visual Studio Solution File, Format Version 12.00
# Visual Studio Version 17
VisualStudioVersion = 17.0.32112.339
MinimumVisualStudioVersion = 10.0.40219.1
Project("{FAE04EC0-301F-11D3-BF4B-00C04F79EFBC}") = "Calculator", "Calculator\Calculator.csproj", "{F41B45FF-738A-4954-847E-B6B6F0EFBBE9}"
EndProject
Global
	GlobalSection(SolutionConfigurationPlatforms) = preSolution
		Debug|Any CPU = Debug|Any CPU
		Release|Any CPU = Release|Any CPU
	EndGlobalSection
	GlobalSection(ProjectConfigurationPlatforms) = postSolution
		{F41B45FF-738A-4954-847E-B6B6F0EFBBE9}.Debug|Any CPU.ActiveCfg = Debug|Any CPU
		{F41B45FF-738A-4954-847E-B6B6F0EFBBE9}.Debug|Any CPU.Build.0 = Debug|Any CPU
		{F41B45FF-738A-4954-847E-B6B6F0EFBBE9}.Release|Any CPU.ActiveCfg = Release|Any CPU
		{F41B45FF-738A-4954-847E-B6B6F0EFBBE9}.Release|Any CPU.Build.0 = Release|Any CPU
	EndGlobalSection
	GlobalSection(SolutionProperties) = preSolution
		HideSolutionNode = FALSE
	EndGlobalSection
	GlobalSection(ExtensibilityGlobals) = postSolution
		SolutionGuid = {8929AFCB-E5ED-4595-B3B9-EC34029CF769}
	EndGlobalSection
EndGlobal
